
Microsoft Visual Studio Solution File, Format Version 12.00
# Visual Studio Version 17
VisualStudioVersion = 17.0.31903.59
MinimumVisualStudioVersion = 10.0.40219.1
Project("{2150E333-8FDC-42A3-9474-1A3956D46DE8}") = "src", "src", "{827E0CD3-B72D-47B6-A68D-7590B98EB39B}"
EndProject
Project("{FAE04EC0-301F-11D3-BF4B-00C04F79EFBC}") = "Slnmap.Core", "src\Slnmap.Core\Slnmap.Core.csproj", "{4CCD94B1-47FD-4E0B-94CC-46B136544AEE}"
EndProject
Project("{FAE04EC0-301F-11D3-BF4B-00C04F79EFBC}") = "Slnmap.Analysis", "src\Slnmap.Analysis\Slnmap.Analysis.csproj", "{AFE7C8BA-B23D-40B0-BB04-B142B07865CA}"
EndProject
Project("{FAE04EC0-301F-11D3-BF4B-00C04F79EFBC}") = "Slnmap.Storage", "src\Slnmap.Storage\Slnmap.Storage.csproj", "{CB66747C-F6FC-417A-99EF-A1AF6382D9DD}"
EndProject
Project("{FAE04EC0-301F-11D3-BF4B-00C04F79EFBC}") = "Slnmap.Mcp", "src\Slnmap.Mcp\Slnmap.Mcp.csproj", "{0855C94B-1EE4-4E80-8A76-3C82D1296464}"
EndProject
Project("{FAE04EC0-301F-11D3-BF4B-00C04F79EFBC}") = "Slnmap.Cli", "src\Slnmap.Cli\Slnmap.Cli.csproj", "{32E6ECF6-6C16-471E-A606-5C682957DCAA}"
EndProject
Project("{FAE04EC0-301F-11D3-BF4B-00C04F79EFBC}") = "Slnmap.Tests", "tests\Slnmap.Tests\Slnmap.Tests.csproj", "{7757E051-5774-49B1-8881-11E09822A11E}"
EndProject
Global
	GlobalSection(SolutionConfigurationPlatforms) = preSolution
		Debug|Any CPU = Debug|Any CPU
		Debug|x64 = Debug|x64
		Debug|x86 = Debug|x86
		Release|Any CPU = Release|Any CPU
		Release|x64 = Release|x64
		Release|x86 = Release|x86
	EndGlobalSection
	GlobalSection(ProjectConfigurationPlatforms) = postSolution
		{4CCD94B1-47FD-4E0B-94CC-46B136544AEE}.Debug|Any CPU.ActiveCfg = Debug|Any CPU
		{4CCD94B1-47FD-4E0B-94CC-46B136544AEE}.Debug|Any CPU.Build.0 = Debug|Any CPU
		{4CCD94B1-47FD-4E0B-94CC-46B136544AEE}.Debug|x64.ActiveCfg = Debug|Any CPU
		{4CCD94B1-47FD-4E0B-94CC-46B136544AEE}.Debug|x64.Build.0 = Debug|Any CPU
		{4CCD94B1-47FD-4E0B-94CC-46B136544AEE}.Debug|x86.ActiveCfg = Debug|Any CPU
		{4CCD94B1-47FD-4E0B-94CC-46B136544AEE}.Debug|x86.Build.0 = Debug|Any CPU
		{4CCD94B1-47FD-4E0B-94CC-46B136544AEE}.Release|Any CPU.ActiveCfg = Release|Any CPU
		{4CCD94B1-47FD-4E0B-94CC-46B136544AEE}.Release|Any CPU.Build.0 = Release|Any CPU
		{4CCD94B1-47FD-4E0B-94CC-46B136544AEE}.Release|x64.ActiveCfg = Release|Any CPU
		{4CCD94B1-47FD-4E0B-94CC-46B136544AEE}.Release|x64.Build.0 = Release|Any CPU
		{4CCD94B1-47FD-4E0B-94CC-46B136544AEE}.Release|x86.ActiveCfg = Release|Any CPU
		{4CCD94B1-47FD-4E0B-94CC-46B136544AEE}.Release|x86.Build.0 = Release|Any CPU
		{AFE7C8BA-B23D-40B0-BB04-B142B07865CA}.Debug|Any CPU.ActiveCfg = Debug|Any CPU
		{AFE7C8BA-B23D-40B0-BB04-B142B07865CA}.Debug|Any CPU.Build.0 = Debug|Any CPU
		{AFE7C8BA-B23D-40B0-BB04-B142B07865CA}.Debug|x64.ActiveCfg = Debug|Any CPU
		{AFE7C8BA-B23D-40B0-BB04-B142B07865CA}.Debug|x64.Build.0 = Debug|Any CPU
		{AFE7C8BA-B23D-40B0-BB04-B142B07865CA}.Debug|x86.ActiveCfg = Debug|Any CPU
		{AFE7C8BA-B23D-40B0-BB04-B142B07865CA}.Debug|x86.Build.0 = Debug|Any CPU
		{AFE7C8BA-B23D-40B0-BB04-B142B07865CA}.Release|Any CPU.ActiveCfg = Release|Any CPU
		{AFE7C8BA-B23D-40B0-BB04-B142B07865CA}.Release|Any CPU.Build.0 = Release|Any CPU
		{AFE7C8BA-B23D-40B0-BB04-B142B07865CA}.Release|x64.ActiveCfg = Release|Any CPU
		{AFE7C8BA-B23D-40B0-BB04-B142B07865CA}.Release|x64.Build.0 = Release|Any CPU
		{AFE7C8BA-B23D-40B0-BB04-B142B07865CA}.Release|x86.ActiveCfg = Release|Any CPU
		{AFE7C8BA-B23D-40B0-BB04-B142B07865CA}.Release|x86.Build.0 = Release|Any CPU
		{CB66747C-F6FC-417A-99EF-A1AF6382D9DD}.Debug|Any CPU.ActiveCfg = Debug|Any CPU
		{CB66747C-F6FC-417A-99EF-A1AF6382D9DD}.Debug|Any CPU.Build.0 = Debug|Any CPU
		{CB66747C-F6FC-417A-99EF-A1AF6382D9DD}.Debug|x64.ActiveCfg = Debug|Any CPU
		{CB66747C-F6FC-417A-99EF-A1AF6382D9DD}.Debug|x64.Build.0 = Debug|Any CPU
		{CB66747C-F6FC-417A-99EF-A1AF6382D9DD}.Debug|x86.ActiveCfg = Debug|Any CPU
		{CB66747C-F6FC-417A-99EF-A1AF6382D9DD}.Debug|x86.Build.0 = Debug|Any CPU
		{CB66747C-F6FC-417A-99EF-A1AF6382D9DD}.Release|Any CPU.ActiveCfg = Release|Any CPU
		{CB66747C-F6FC-417A-99EF-A1AF6382D9DD}.Release|Any CPU.Build.0 = Release|Any CPU
		{CB66747C-F6FC-417A-99EF-A1AF6382D9DD}.Release|x64.ActiveCfg = Release|Any CPU
		{CB66747C-F6FC-417A-99EF-A1AF6382D9DD}.Release|x64.Build.0 = Release|Any CPU
		{CB66747C-F6FC-417A-99EF-A1AF6382D9DD}.Release|x86.ActiveCfg = Release|Any CPU
		{CB66747C-F6FC-417A-99EF-A1AF6382D9DD}.Release|x86.Build.0 = Release|Any CPU
		{0855C94B-1EE4-4E80-8A76-3C82D1296464}.Debug|Any CPU.ActiveCfg = Debug|Any CPU
		{0855C94B-1EE4-4E80-8A76-3C82D1296464}.Debug|Any CPU.Build.0 = Debug|Any CPU
		{0855C94B-1EE4-4E80-8A76-3C82D1296464}.Debug|x64.ActiveCfg = Debug|Any CPU
		{0855C94B-1EE4-4E80-8A76-3C82D1296464}.Debug|x64.Build.0 = Debug|Any CPU
		{0855C94B-1EE4-4E80-8A76-3C82D1296464}.Debug|x86.ActiveCfg = Debug|Any CPU
		{0855C94B-1EE4-4E80-8A76-3C82D1296464}.Debug|x86.Build.0 = Debug|Any CPU
		{0855C94B-1EE4-4E80-8A76-3C82D1296464}.Release|Any CPU.ActiveCfg = Release|Any CPU
		{0855C94B-1EE4-4E80-8A76-3C82D1296464}.Release|Any CPU.Build.0 = Release|Any CPU
		{0855C94B-1EE4-4E80-8A76-3C82D1296464}.Release|x64.ActiveCfg = Release|Any CPU
		{0855C94B-1EE4-4E80-8A76-3C82D1296464}.Release|x64.Build.0 = Release|Any CPU
		{0855C94B-1EE4-4E80-8A76-3C82D1296464}.Release|x86.ActiveCfg = Release|Any CPU
		{0855C94B-1EE4-4E80-8A76-3C82D1296464}.Release|x86.Build.0 = Release|Any CPU
		{32E6ECF6-6C16-471E-A606-5C682957DCAA}.Debug|Any CPU.ActiveCfg = Debug|Any CPU
		{32E6ECF6-6C16-471E-A606-5C682957DCAA}.Debug|Any CPU.Build.0 = Debug|Any CPU
		{32E6ECF6-6C16-471E-A606-5C682957DCAA}.Debug|x64.ActiveCfg = Debug|Any CPU
		{32E6ECF6-6C16-471E-A606-5C682957DCAA}.Debug|x64.Build.0 = Debug|Any CPU
		{32E6ECF6-6C16-471E-A606-5C682957DCAA}.Debug|x86.ActiveCfg = Debug|Any CPU
		{32E6ECF6-6C16-471E-A606-5C682957DCAA}.Debug|x86.Build.0 = Debug|Any CPU
		{32E6ECF6-6C16-471E-A606-5C682957DCAA}.Release|Any CPU.ActiveCfg = Release|Any CPU
		{32E6ECF6-6C16-471E-A606-5C682957DCAA}.Release|Any CPU.Build.0 = Release|Any CPU
		{32E6ECF6-6C16-471E-A606-5C682957DCAA}.Release|x64.ActiveCfg = Release|Any CPU
		{32E6ECF6-6C16-471E-A606-5C682957DCAA}.Release|x64.Build.0 = Release|Any CPU
		{32E6ECF6-6C16-471E-A606-5C682957DCAA}.Release|x86.ActiveCfg = Release|Any CPU
		{32E6ECF6-6C16-471E-A606-5C682957DCAA}.Release|x86.Build.0 = Release|Any CPU
		{7757E051-5774-49B1-8881-11E09822A11E}.Debug|Any CPU.ActiveCfg = Debug|Any CPU
		{7757E051-5774-49B1-8881-11E09822A11E}.Debug|Any CPU.Build.0 = Debug|Any CPU
		{7757E051-5774-49B1-8881-11E09822A11E}.Debug|x64.ActiveCfg = Debug|Any CPU
		{7757E051-5774-49B1-8881-11E09822A11E}.Debug|x64.Build.0 = Debug|Any CPU
		{7757E051-5774-49B1-8881-11E09822A11E}.Debug|x86.ActiveCfg = Debug|Any CPU
		{7757E051-5774-49B1-8881-11E09822A11E}.Debug|x86.Build.0 = Debug|Any CPU
		{7757E051-5774-49B1-8881-11E09822A11E}.Release|Any CPU.ActiveCfg = Release|Any CPU
		{7757E051-5774-49B1-8881-11E09822A11E}.Release|Any CPU.Build.0 = Release|Any CPU
		{7757E051-5774-49B1-8881-11E09822A11E}.Release|x64.ActiveCfg = Release|Any CPU
		{7757E051-5774-49B1-8881-11E09822A11E}.Release|x64.Build.0 = Release|Any CPU
		{7757E051-5774-49B1-8881-11E09822A11E}.Release|x86.ActiveCfg = Release|Any CPU
		{7757E051-5774-49B1-8881-11E09822A11E}.Release|x86.Build.0 = Release|Any CPU
	EndGlobalSection
	GlobalSection(SolutionProperties) = preSolution
		HideSolutionNode = FALSE
	EndGlobalSection
	GlobalSection(NestedProjects) = preSolution
		{4CCD94B1-47FD-4E0B-94CC-46B136544AEE} = {827E0CD3-B72D-47B6-A68D-7590B98EB39B}
		{AFE7C8BA-B23D-40B0-BB04-B142B07865CA} = {827E0CD3-B72D-47B6-A68D-7590B98EB39B}
		{CB66747C-F6FC-417A-99EF-A1AF6382D9DD} = {827E0CD3-B72D-47B6-A68D-7590B98EB39B}
		{0855C94B-1EE4-4E80-8A76-3C82D1296464} = {827E0CD3-B72D-47B6-A68D-7590B98EB39B}
		{32E6ECF6-6C16-471E-A606-5C682957DCAA} = {827E0CD3-B72D-47B6-A68D-7590B98EB39B}
		{7757E051-5774-49B1-8881-11E09822A11E} = {827E0CD3-B72D-47B6-A68D-7590B98EB39B}
	EndGlobalSection
EndGlobal
